
Microsoft Visual Studio Solution File, Format Version 12.00
# Visual Studio Version 17
VisualStudioVersion = 17.5.002.0
MinimumVisualStudioVersion = 10.0.40219.1
Project("{9A19103F-16F7-4668-BE54-9A1E7A4F7556}") = "NET8_MassTransit_Demo", "NET8_MassTransit_Demo.csproj", "{7D0D07F6-E762-4DFA-84AF-E37F069183BD}"
EndProject
Global
	GlobalSection(SolutionConfigurationPlatforms) = preSolution
		Debug|Any CPU = Debug|Any CPU
		Release|Any CPU = Release|Any CPU
	EndGlobalSection
	GlobalSection(ProjectConfigurationPlatforms) = postSolution
		{7D0D07F6-E762-4DFA-84AF-E37F069183BD}.Debug|Any CPU.ActiveCfg = Debug|Any CPU
		{7D0D07F6-E762-4DFA-84AF-E37F069183BD}.Debug|Any CPU.Build.0 = Debug|Any CPU
		{7D0D07F6-E762-4DFA-84AF-E37F069183BD}.Release|Any CPU.ActiveCfg = Release|Any CPU
		{7D0D07F6-E762-4DFA-84AF-E37F069183BD}.Release|Any CPU.Build.0 = Release|Any CPU
	EndGlobalSection
	GlobalSection(SolutionProperties) = preSolution
		HideSolutionNode = FALSE
	EndGlobalSection
	GlobalSection(ExtensibilityGlobals) = postSolution
		SolutionGuid = {8AE02222-8336-45F7-B077-A073F8414578}
	EndGlobalSection
EndGlobal
